
Microsoft Visual Studio Solution File, Format Version 12.00
# Visual Studio Version 16
VisualStudioVersion = 16.0.34031.81
MinimumVisualStudioVersion = 10.0.40219.1
Project("{FAE04EC0-301F-11D3-BF4B-00C04F79EFBC}") = "ali1982ReviewMailmerge", "ali1982ReviewMailmerge.csproj", "{7463E708-147E-4BBA-8FF5-31266E9FC4F8}"
EndProject
Global
	GlobalSection(SolutionConfigurationPlatforms) = preSolution
		Debug|Any CPU = Debug|Any CPU
		Release|Any CPU = Release|Any CPU
	EndGlobalSection
	GlobalSection(ProjectConfigurationPlatforms) = postSolution
		{7463E708-147E-4BBA-8FF5-31266E9FC4F8}.Debug|Any CPU.ActiveCfg = Debug|Any CPU
		{7463E708-147E-4BBA-8FF5-31266E9FC4F8}.Debug|Any CPU.Build.0 = Debug|Any CPU
		{7463E708-147E-4BBA-8FF5-31266E9FC4F8}.Release|Any CPU.ActiveCfg = Release|Any CPU
		{7463E708-147E-4BBA-8FF5-31266E9FC4F8}.Release|Any CPU.Build.0 = Release|Any CPU
	EndGlobalSection
	GlobalSection(SolutionProperties) = preSolution
		HideSolutionNode = FALSE
	EndGlobalSection
	GlobalSection(ExtensibilityGlobals) = postSolution
		SolutionGuid = {81F2E9F3-3EEC-48C1-B6BA-0EBCB7ACA29D}
	EndGlobalSection
EndGlobal
